// !$*UTF8*$!
{
	archiveVersion = 1;
	classes = {
	};
	objectVersion = 56;
	objects = {

/* Begin PBXBuildFile section */
		15516D552C4A5A7800893B03 /* AppDelegate.swift in Sources */ = {isa = PBXBuildFile; fileRef = 15516D542C4A5A7800893B03 /* AppDelegate.swift */; };
		15516D572C4A5A7800893B03 /* SceneDelegate.swift in Sources */ = {isa = PBXBuildFile; fileRef = 15516D562C4A5A7800893B03 /* SceneDelegate.swift */; };
		15516D592C4A5A7800893B03 /* ViewController.swift in Sources */ = {isa = PBXBuildFile; fileRef = 15516D582C4A5A7800893B03 /* ViewController.swift */; };
		15516D5C2C4A5A7800893B03 /* Main.storyboard in Resources */ = {isa = PBXBuildFile; fileRef = 15516D5A2C4A5A7800893B03 /* Main.storyboard */; };
		15516D5E2C4A5A7E00893B03 /* Assets.xcassets in Resources */ = {isa = PBXBuildFile; fileRef = 15516D5D2C4A5A7E00893B03 /* Assets.xcassets */; };
		15516D612C4A5A7E00893B03 /* LaunchScreen.storyboard in Resources */ = {isa = PBXBuildFile; fileRef = 15516D5F2C4A5A7E00893B03 /* LaunchScreen.storyboard */; };
		15516D6D2C4E4BC200893B03 /* Crypto.swift in Sources */ = {isa = PBXBuildFile; fileRef = 15516D6C2C4E4BC200893B03 /* Crypto.swift */; };
		15516D6F2C4E4E7300893B03 /* Webservice.swift in Sources */ = {isa = PBXBuildFile; fileRef = 15516D6E2C4E4E7300893B03 /* Webservice.swift */; };
		15516D712C4E576500893B03 /* CryptoViewModel.swift in Sources */ = {isa = PBXBuildFile; fileRef = 15516D702C4E576500893B03 /* CryptoViewModel.swift */; };
/* End PBXBuildFile section */

/* Begin PBXFileReference section */
		15516D512C4A5A7800893B03 /* MVVM-RxSwift-Crypto.app */ = {isa = PBXFileReference; explicitFileType = wrapper.application; includeInIndex = 0; path = "MVVM-RxSwift-Crypto.app"; sourceTree = BUILT_PRODUCTS_DIR; };
		15516D542C4A5A7800893B03 /* AppDelegate.swift */ = {isa = PBXFileReference; lastKnownFileType = sourcecode.swift; path = AppDelegate.swift; sourceTree = "<group>"; };
		15516D562C4A5A7800893B03 /* SceneDelegate.swift */ = {isa = PBXFileReference; lastKnownFileType = sourcecode.swift; path = SceneDelegate.swift; sourceTree = "<group>"; };
		15516D582C4A5A7800893B03 /* ViewController.swift */ = {isa = PBXFileReference; lastKnownFileType = sourcecode.swift; path = ViewController.swift; sourceTree = "<group>"; };
		15516D5B2C4A5A7800893B03 /* Base */ = {isa = PBXFileReference; lastKnownFileType = file.storyboard; name = Base; path = Base.lproj/Main.storyboard; sourceTree = "<group>"; };
		15516D5D2C4A5A7E00893B03 /* Assets.xcassets */ = {isa = PBXFileReference; lastKnownFileType = folder.assetcatalog; path = Assets.xcassets; sourceTree = "<group>"; };
		15516D602C4A5A7E00893B03 /* Base */ = {isa = PBXFileReference; lastKnownFileType = file.storyboard; name = Base; path = Base.lproj/LaunchScreen.storyboard; sourceTree = "<group>"; };
		15516D622C4A5A7E00893B03 /* Info.plist */ = {isa = PBXFileReference; lastKnownFileType = text.plist.xml; path = Info.plist; sourceTree = "<group>"; };
		15516D6C2C4E4BC200893B03 /* Crypto.swift */ = {isa = PBXFileReference; lastKnownFileType = sourcecode.swift; path = Crypto.swift; sourceTree = "<group>"; };
		15516D6E2C4E4E7300893B03 /* Webservice.swift */ = {isa = PBXFileReference; lastKnownFileType = sourcecode.swift; path = Webservice.swift; sourceTree = "<group>"; };
		15516D702C4E576500893B03 /* CryptoViewModel.swift */ = {isa = PBXFileReference; lastKnownFileType = sourcecode.swift; path = CryptoViewModel.swift; sourceTree = "<group>"; };
/* End PBXFileReference section */

/* Begin PBXFrameworksBuildPhase section */
		15516D4E2C4A5A7800893B03 /* Frameworks */ = {
			isa = PBXFrameworksBuildPhase;
			buildActionMask = 2147483647;
			files = (
			);
			runOnlyForDeploymentPostprocessing = 0;
		};
/* End PBXFrameworksBuildPhase section */

/* Begin PBXGroup section */
		15516D482C4A5A7800893B03 = {
			isa = PBXGroup;
			children = (
				15516D532C4A5A7800893B03 /* MVVM-RxSwift-Crypto */,
				15516D522C4A5A7800893B03 /* Products */,
			);
			sourceTree = "<group>";
		};
		15516D522C4A5A7800893B03 /* Products */ = {
			isa = PBXGroup;
			children = (
				15516D512C4A5A7800893B03 /* MVVM-RxSwift-Crypto.app */,
			);
			name = Products;
			sourceTree = "<group>";
		};
		15516D532C4A5A7800893B03 /* MVVM-RxSwift-Crypto */ = {
			isa = PBXGroup;
			children = (
				15516D6B2C4A5C9900893B03 /* Service */,
				15516D6A2C4A5C8B00893B03 /* Model */,
				15516D692C4A5C8100893B03 /* ViewModel */,
				15516D682C4A5C6500893B03 /* View */,
				15516D5A2C4A5A7800893B03 /* Main.storyboard */,
				15516D5D2C4A5A7E00893B03 /* Assets.xcassets */,
				15516D5F2C4A5A7E00893B03 /* LaunchScreen.storyboard */,
				15516D622C4A5A7E00893B03 /* Info.plist */,
			);
			path = "MVVM-RxSwift-Crypto";
			sourceTree = "<group>";
		};
		15516D682C4A5C6500893B03 /* View */ = {
			isa = PBXGroup;
			children = (
				15516D542C4A5A7800893B03 /* AppDelegate.swift */,
				15516D562C4A5A7800893B03 /* SceneDelegate.swift */,
				15516D582C4A5A7800893B03 /* ViewController.swift */,
			);
			path = View;
			sourceTree = "<group>";
		};
		15516D692C4A5C8100893B03 /* ViewModel */ = {
			isa = PBXGroup;
			children = (
				15516D702C4E576500893B03 /* CryptoViewModel.swift */,
			);
			path = ViewModel;
			sourceTree = "<group>";
		};
		15516D6A2C4A5C8B00893B03 /* Model */ = {
			isa = PBXGroup;
			children = (
				15516D6C2C4E4BC200893B03 /* Crypto.swift */,
			);
			path = Model;
			sourceTree = "<group>";
		};
		15516D6B2C4A5C9900893B03 /* Service */ = {
			isa = PBXGroup;
			children = (
				15516D6E2C4E4E7300893B03 /* Webservice.swift */,
			);
			path = Service;
			sourceTree = "<group>";
		};
/* End PBXGroup section */

/* Begin PBXNativeTarget section */
		15516D502C4A5A7800893B03 /* MVVM-RxSwift-Crypto */ = {
			isa = PBXNativeTarget;
			buildConfigurationList = 15516D652C4A5A7E00893B03 /* Build configuration list for PBXNativeTarget "MVVM-RxSwift-Crypto" */;
			buildPhases = (
				15516D4D2C4A5A7800893B03 /* Sources */,
				15516D4E2C4A5A7800893B03 /* Frameworks */,
				15516D4F2C4A5A7800893B03 /* Resources */,
			);
			buildRules = (
			);
			dependencies = (
			);
			name = "MVVM-RxSwift-Crypto";
			productName = "MVVM-RxSwift-Crypto";
			productReference = 15516D512C4A5A7800893B03 /* MVVM-RxSwift-Crypto.app */;
			productType = "com.apple.product-type.application";
		};
/* End PBXNativeTarget section */

/* Begin PBXProject section */
		15516D492C4A5A7800893B03 /* Project object */ = {
			isa = PBXProject;
			attributes = {
				BuildIndependentTargetsInParallel = 1;
				LastSwiftUpdateCheck = 1430;
				LastUpgradeCheck = 1430;
				TargetAttributes = {
					15516D502C4A5A7800893B03 = {
						CreatedOnToolsVersion = 14.3.1;
					};
				};
			};
			buildConfigurationList = 15516D4C2C4A5A7800893B03 /* Build configuration list for PBXProject "MVVM-RxSwift-Crypto" */;
			compatibilityVersion = "Xcode 14.0";
			developmentRegion = en;
			hasScannedForEncodings = 0;
			knownRegions = (
				en,
				Base,
			);
			mainGroup = 15516D482C4A5A7800893B03;
			productRefGroup = 15516D522C4A5A7800893B03 /* Products */;
			projectDirPath = "";
			projectRoot = "";
			targets = (
				15516D502C4A5A7800893B03 /* MVVM-RxSwift-Crypto */,
			);
		};
/* End PBXProject section */

/* Begin PBXResourcesBuildPhase section */
		15516D4F2C4A5A7800893B03 /* Resources */ = {
			isa = PBXResourcesBuildPhase;
			buildActionMask = 2147483647;
			files = (
				15516D612C4A5A7E00893B03 /* LaunchScreen.storyboard in Resources */,
				15516D5E2C4A5A7E00893B03 /* Assets.xcassets in Resources */,
				15516D5C2C4A5A7800893B03 /* Main.storyboard in Resources */,
			);
			runOnlyForDeploymentPostprocessing = 0;
		};
/* End PBXResourcesBuildPhase section */

/* Begin PBXSourcesBuildPhase section */
		15516D4D2C4A5A7800893B03 /* Sources */ = {
			isa = PBXSourcesBuildPhase;
			buildActionMask = 2147483647;
			files = (
				15516D6D2C4E4BC200893B03 /* Crypto.swift in Sources */,
				15516D592C4A5A7800893B03 /* ViewController.swift in Sources */,
				15516D552C4A5A7800893B03 /* AppDelegate.swift in Sources */,
				15516D6F2C4E4E7300893B03 /* Webservice.swift in Sources */,
				15516D572C4A5A7800893B03 /* SceneDelegate.swift in Sources */,
				15516D712C4E576500893B03 /* CryptoViewModel.swift in Sources */,
			);
			runOnlyForDeploymentPostprocessing = 0;
		};
/* End PBXSourcesBuildPhase section */

/* Begin PBXVariantGroup section */
		15516D5A2C4A5A7800893B03 /* Main.storyboard */ = {
			isa = PBXVariantGroup;
			children = (
				15516D5B2C4A5A7800893B03 /* Base */,
			);
			name = Main.storyboard;
			sourceTree = "<group>";
		};
		15516D5F2C4A5A7E00893B03 /* LaunchScreen.storyboard */ = {
			isa = PBXVariantGroup;
			children = (
				15516D602C4A5A7E00893B03 /* Base */,
			);
			name = LaunchScreen.storyboard;
			sourceTree = "<group>";
		};
/* End PBXVariantGroup section */

/* Begin XCBuildConfiguration section */
		15516D632C4A5A7E00893B03 /* Debug */ = {
			isa = XCBuildConfiguration;
			buildSettings = {
				ALWAYS_SEARCH_USER_PATHS = NO;
				CLANG_ANALYZER_NONNULL = YES;
				CLANG_ANALYZER_NUMBER_OBJECT_CONVERSION = YES_AGGRESSIVE;
				CLANG_CXX_LANGUAGE_STANDARD = "gnu++20";
				CLANG_ENABLE_MODULES = YES;
				CLANG_ENABLE_OBJC_ARC = YES;
				CLANG_ENABLE_OBJC_WEAK = YES;
				CLANG_WARN_BLOCK_CAPTURE_AUTORELEASING = YES;
				CLANG_WARN_BOOL_CONVERSION = YES;
				CLANG_WARN_COMMA = YES;
				CLANG_WARN_CONSTANT_CONVERSION = YES;
				CLANG_WARN_DEPRECATED_OBJC_IMPLEMENTATIONS = YES;
				CLANG_WARN_DIRECT_OBJC_ISA_USAGE = YES_ERROR;
				CLANG_WARN_DOCUMENTATION_COMMENTS = YES;
				CLANG_WARN_EMPTY_BODY = YES;
				CLANG_WARN_ENUM_CONVERSION = YES;
				CLANG_WARN_INFINITE_RECURSION = YES;
				CLANG_WARN_INT_CONVERSION = YES;
				CLANG_WARN_NON_LITERAL_NULL_CONVERSION = YES;
				CLANG_WARN_OBJC_IMPLICIT_RETAIN_SELF = YES;
				CLANG_WARN_OBJC_LITERAL_CONVERSION = YES;
				CLANG_WARN_OBJC_ROOT_CLASS = YES_ERROR;
				CLANG_WARN_QUOTED_INCLUDE_IN_FRAMEWORK_HEADER = YES;
				CLANG_WARN_RANGE_LOOP_ANALYSIS = YES;
				CLANG_WARN_STRICT_PROTOTYPES = YES;
				CLANG_WARN_SUSPICIOUS_MOVE = YES;
				CLANG_WARN_UNGUARDED_AVAILABILITY = YES_AGGRESSIVE;
				CLANG_WARN_UNREACHABLE_CODE = YES;
				CLANG_WARN__DUPLICATE_METHOD_MATCH = YES;
				COPY_PHASE_STRIP = NO;
				DEBUG_INFORMATION_FORMAT = dwarf;
				ENABLE_STRICT_OBJC_MSGSEND = YES;
				ENABLE_TESTABILITY = YES;
				GCC_C_LANGUAGE_STANDARD = gnu11;
				GCC_DYNAMIC_NO_PIC = NO;
				GCC_NO_COMMON_BLOCKS = YES;
				GCC_OPTIMIZATION_LEVEL = 0;
				GCC_PREPROCESSOR_DEFINITIONS = (
					"DEBUG=1",
					"$(inherited)",
				);
				GCC_WARN_64_TO_32_BIT_CONVERSION = YES;
				GCC_WARN_ABOUT_RETURN_TYPE = YES_ERROR;
				GCC_WARN_UNDECLARED_SELECTOR = YES;
				GCC_WARN_UNINITIALIZED_AUTOS = YES_AGGRESSIVE;
				GCC_WARN_UNUSED_FUNCTION = YES;
				GCC_WARN_UNUSED_VARIABLE = YES;
				IPHONEOS_DEPLOYMENT_TARGET = 16.4;
				MTL_ENABLE_DEBUG_INFO = INCLUDE_SOURCE;
				MTL_FAST_MATH = YES;
				ONLY_ACTIVE_ARCH = YES;
				SDKROOT = iphoneos;
				SWIFT_ACTIVE_COMPILATION_CONDITIONS = DEBUG;
				SWIFT_OPTIMIZATION_LEVEL = "-Onone";
			};
			name = Debug;
		};
		15516D642C4A5A7E00893B03 /* Release */ = {
			isa = XCBuildConfiguration;
			buildSettings = {
				ALWAYS_SEARCH_USER_PATHS = NO;
				CLANG_ANALYZER_NONNULL = YES;
				CLANG_ANALYZER_NUMBER_OBJECT_CONVERSION = YES_AGGRESSIVE;
				CLANG_CXX_LANGUAGE_STANDARD = "gnu++20";
				CLANG_ENABLE_MODULES = YES;
				CLANG_ENABLE_OBJC_ARC = YES;
				CLANG_ENABLE_OBJC_WEAK = YES;
				CLANG_WARN_BLOCK_CAPTURE_AUTORELEASING = YES;
				CLANG_WARN_BOOL_CONVERSION = YES;
				CLANG_WARN_COMMA = YES;
				CLANG_WARN_CONSTANT_CONVERSION = YES;
				CLANG_WARN_DEPRECATED_OBJC_IMPLEMENTATIONS = YES;
				CLANG_WARN_DIRECT_OBJC_ISA_USAGE = YES_ERROR;
				CLANG_WARN_DOCUMENTATION_COMMENTS = YES;
				CLANG_WARN_EMPTY_BODY = YES;
				CLANG_WARN_ENUM_CONVERSION = YES;
				CLANG_WARN_INFINITE_RECURSION = YES;
				CLANG_WARN_INT_CONVERSION = YES;
				CLANG_WARN_NON_LITERAL_NULL_CONVERSION = YES;
				CLANG_WARN_OBJC_IMPLICIT_RETAIN_SELF = YES;
				CLANG_WARN_OBJC_LITERAL_CONVERSION = YES;
				CLANG_WARN_OBJC_ROOT_CLASS = YES_ERROR;
				CLANG_WARN_QUOTED_INCLUDE_IN_FRAMEWORK_HEADER = YES;
				CLANG_WARN_RANGE_LOOP_ANALYSIS = YES;
				CLANG_WARN_STRICT_PROTOTYPES = YES;
				CLANG_WARN_SUSPICIOUS_MOVE = YES;
				CLANG_WARN_UNGUARDED_AVAILABILITY = YES_AGGRESSIVE;
				CLANG_WARN_UNREACHABLE_CODE = YES;
				CLANG_WARN__DUPLICATE_METHOD_MATCH = YES;
				COPY_PHASE_STRIP = NO;
				DEBUG_INFORMATION_FORMAT = "dwarf-with-dsym";
				ENABLE_NS_ASSERTIONS = NO;
				ENABLE_STRICT_OBJC_MSGSEND = YES;
				GCC_C_LANGUAGE_STANDARD = gnu11;
				GCC_NO_COMMON_BLOCKS = YES;
				GCC_WARN_64_TO_32_BIT_CONVERSION = YES;
				GCC_WARN_ABOUT_RETURN_TYPE = YES_ERROR;
				GCC_WARN_UNDECLARED_SELECTOR = YES;
				GCC_WARN_UNINITIALIZED_AUTOS = YES_AGGRESSIVE;
				GCC_WARN_UNUSED_FUNCTION = YES;
				GCC_WARN_UNUSED_VARIABLE = YES;
				IPHONEOS_DEPLOYMENT_TARGET = 16.4;
				MTL_ENABLE_DEBUG_INFO = NO;
				MTL_FAST_MATH = YES;
				SDKROOT = iphoneos;
				SWIFT_COMPILATION_MODE = wholemodule;
				SWIFT_OPTIMIZATION_LEVEL = "-O";
				VALIDATE_PRODUCT = YES;
			};
			name = Release;
		};
		15516D662C4A5A7E00893B03 /* Debug */ = {
			isa = XCBuildConfiguration;
			buildSettings = {
				ASSETCATALOG_COMPILER_APPICON_NAME = AppIcon;
				ASSETCATALOG_COMPILER_GLOBAL_ACCENT_COLOR_NAME = AccentColor;
				CODE_SIGN_STYLE = Automatic;
				CURRENT_PROJECT_VERSION = 1;
				DEVELOPMENT_TEAM = ZP57XFKK68;
				GENERATE_INFOPLIST_FILE = YES;
				INFOPLIST_FILE = "MVVM-RxSwift-Crypto/Info.plist";
				INFOPLIST_KEY_UIApplicationSupportsIndirectInputEvents = YES;
				INFOPLIST_KEY_UILaunchStoryboardName = LaunchScreen;
				INFOPLIST_KEY_UIMainStoryboardFile = Main;
				INFOPLIST_KEY_UISupportedInterfaceOrientations_iPad = "UIInterfaceOrientationPortrait UIInterfaceOrientationPortraitUpsideDown UIInterfaceOrientationLandscapeLeft UIInterfaceOrientationLandscapeRight";
				INFOPLIST_KEY_UISupportedInterfaceOrientations_iPhone = "UIInterfaceOrientationPortrait UIInterfaceOrientationLandscapeLeft UIInterfaceOrientationLandscapeRight";
				LD_RUNPATH_SEARCH_PATHS = (
					"$(inherited)",
					"@executable_path/Frameworks",
				);
				MARKETING_VERSION = 1.0;
				PRODUCT_BUNDLE_IDENTIFIER = "com.abdurrahmankaraoluk.MVVM-RxSwift-Crypto";
				PRODUCT_NAME = "$(TARGET_NAME)";
				SWIFT_EMIT_LOC_STRINGS = YES;
				SWIFT_VERSION = 5.0;
				TARGETED_DEVICE_FAMILY = "1,2";
			};
			name = Debug;
		};
		15516D672C4A5A7E00893B03 /* Release */ = {
			isa = XCBuildConfiguration;
			buildSettings = {
				ASSETCATALOG_COMPILER_APPICON_NAME = AppIcon;
				ASSETCATALOG_COMPILER_GLOBAL_ACCENT_COLOR_NAME = AccentColor;
				CODE_SIGN_STYLE = Automatic;
				CURRENT_PROJECT_VERSION = 1;
				DEVELOPMENT_TEAM = ZP57XFKK68;
				GENERATE_INFOPLIST_FILE = YES;
				INFOPLIST_FILE = "MVVM-RxSwift-Crypto/Info.plist";
				INFOPLIST_KEY_UIApplicationSupportsIndirectInputEvents = YES;
				INFOPLIST_KEY_UILaunchStoryboardName = LaunchScreen;
				INFOPLIST_KEY_UIMainStoryboardFile = Main;
				INFOPLIST_KEY_UISupportedInterfaceOrientations_iPad = "UIInterfaceOrientationPortrait UIInterfaceOrientationPortraitUpsideDown UIInterfaceOrientationLandscapeLeft UIInterfaceOrientationLandscapeRight";
				INFOPLIST_KEY_UISupportedInterfaceOrientations_iPhone = "UIInterfaceOrientationPortrait UIInterfaceOrientationLandscapeLeft UIInterfaceOrientationLandscapeRight";
				LD_RUNPATH_SEARCH_PATHS = (
					"$(inherited)",
					"@executable_path/Frameworks",
				);
				MARKETING_VERSION = 1.0;
				PRODUCT_BUNDLE_IDENTIFIER = "com.abdurrahmankaraoluk.MVVM-RxSwift-Crypto";
				PRODUCT_NAME = "$(TARGET_NAME)";
				SWIFT_EMIT_LOC_STRINGS = YES;
				SWIFT_VERSION = 5.0;
				TARGETED_DEVICE_FAMILY = "1,2";
			};
			name = Release;
		};
/* End XCBuildConfiguration section */

/* Begin XCConfigurationList section */
		15516D4C2C4A5A7800893B03 /* Build configuration list for PBXProject "MVVM-RxSwift-Crypto" */ = {
			isa = XCConfigurationList;
			buildConfigurations = (
				15516D632C4A5A7E00893B03 /* Debug */,
				15516D642C4A5A7E00893B03 /* Release */,
			);
			defaultConfigurationIsVisible = 0;
			defaultConfigurationName = Release;
		};
		15516D652C4A5A7E00893B03 /* Build configuration list for PBXNativeTarget "MVVM-RxSwift-Crypto" */ = {
			isa = XCConfigurationList;
			buildConfigurations = (
				15516D662C4A5A7E00893B03 /* Debug */,
				15516D672C4A5A7E00893B03 /* Release */,
			);
			defaultConfigurationIsVisible = 0;
			defaultConfigurationName = Release;
		};
/* End XCConfigurationList section */
	};
	rootObject = 15516D492C4A5A7800893B03 /* Project object */;
}
